
Microsoft Visual Studio Solution File, Format Version 12.00
# Visual Studio Version 16
VisualStudioVersion = 16.0.30907.101
MinimumVisualStudioVersion = 10.0.40219.1
Project("{9A19103F-16F7-4668-BE54-9A1E7A4F7556}") = "Kampintro", "Kampintro\Kampintro.csproj", "{002D17B9-A776-41C3-ABB6-373910DA58DF}"
EndProject
Project("{9A19103F-16F7-4668-BE54-9A1E7A4F7556}") = "Donguler", "Donguler\Donguler.csproj", "{D1615AEC-B58E-4E96-AF0B-E126506DC263}"
EndProject
Project("{9A19103F-16F7-4668-BE54-9A1E7A4F7556}") = "Classintro", "Classintro\Classintro.csproj", "{EFBF367A-414F-42D4-9DB6-1AF01E665A0B}"
EndProject
Project("{9A19103F-16F7-4668-BE54-9A1E7A4F7556}") = "Methods", "Methods\Methods.csproj", "{CD1D31D0-64F3-4B00-94E9-6E386D30005A}"
EndProject
Project("{9A19103F-16F7-4668-BE54-9A1E7A4F7556}") = "Matematik", "Matematik\Matematik.csproj", "{45785476-01A6-4B0B-BD79-0DA48A3CCF26}"
EndProject
Project("{9A19103F-16F7-4668-BE54-9A1E7A4F7556}") = "DegerVeReferansTipler", "DegerVeReferansTipler\DegerVeReferansTipler.csproj", "{595C834E-3D52-4AEE-9F52-AA5E2D1ECFE6}"
EndProject
Project("{FAE04EC0-301F-11D3-BF4B-00C04F79EFBC}") = "Odev3", "Odev3\Odev3.csproj", "{7FB3C630-131A-4AD5-BE2F-8B537C569D99}"
EndProject
Global
	GlobalSection(SolutionConfigurationPlatforms) = preSolution
		Debug|Any CPU = Debug|Any CPU
		Release|Any CPU = Release|Any CPU
	EndGlobalSection
	GlobalSection(ProjectConfigurationPlatforms) = postSolution
		{002D17B9-A776-41C3-ABB6-373910DA58DF}.Debug|Any CPU.ActiveCfg = Debug|Any CPU
		{002D17B9-A776-41C3-ABB6-373910DA58DF}.Debug|Any CPU.Build.0 = Debug|Any CPU
		{002D17B9-A776-41C3-ABB6-373910DA58DF}.Release|Any CPU.ActiveCfg = Release|Any CPU
		{002D17B9-A776-41C3-ABB6-373910DA58DF}.Release|Any CPU.Build.0 = Release|Any CPU
		{D1615AEC-B58E-4E96-AF0B-E126506DC263}.Debug|Any CPU.ActiveCfg = Debug|Any CPU
		{D1615AEC-B58E-4E96-AF0B-E126506DC263}.Debug|Any CPU.Build.0 = Debug|Any CPU
		{D1615AEC-B58E-4E96-AF0B-E126506DC263}.Release|Any CPU.ActiveCfg = Release|Any CPU
		{D1615AEC-B58E-4E96-AF0B-E126506DC263}.Release|Any CPU.Build.0 = Release|Any CPU
		{EFBF367A-414F-42D4-9DB6-1AF01E665A0B}.Debug|Any CPU.ActiveCfg = Debug|Any CPU
		{EFBF367A-414F-42D4-9DB6-1AF01E665A0B}.Debug|Any CPU.Build.0 = Debug|Any CPU
		{EFBF367A-414F-42D4-9DB6-1AF01E665A0B}.Release|Any CPU.ActiveCfg = Release|Any CPU
		{EFBF367A-414F-42D4-9DB6-1AF01E665A0B}.Release|Any CPU.Build.0 = Release|Any CPU
		{CD1D31D0-64F3-4B00-94E9-6E386D30005A}.Debug|Any CPU.ActiveCfg = Debug|Any CPU
		{CD1D31D0-64F3-4B00-94E9-6E386D30005A}.Debug|Any CPU.Build.0 = Debug|Any CPU
		{CD1D31D0-64F3-4B00-94E9-6E386D30005A}.Release|Any CPU.ActiveCfg = Release|Any CPU
		{CD1D31D0-64F3-4B00-94E9-6E386D30005A}.Release|Any CPU.Build.0 = Release|Any CPU
		{45785476-01A6-4B0B-BD79-0DA48A3CCF26}.Debug|Any CPU.ActiveCfg = Debug|Any CPU
		{45785476-01A6-4B0B-BD79-0DA48A3CCF26}.Debug|Any CPU.Build.0 = Debug|Any CPU
		{45785476-01A6-4B0B-BD79-0DA48A3CCF26}.Release|Any CPU.ActiveCfg = Release|Any CPU
		{45785476-01A6-4B0B-BD79-0DA48A3CCF26}.Release|Any CPU.Build.0 = Release|Any CPU
		{595C834E-3D52-4AEE-9F52-AA5E2D1ECFE6}.Debug|Any CPU.ActiveCfg = Debug|Any CPU
		{595C834E-3D52-4AEE-9F52-AA5E2D1ECFE6}.Debug|Any CPU.Build.0 = Debug|Any CPU
		{595C834E-3D52-4AEE-9F52-AA5E2D1ECFE6}.Release|Any CPU.ActiveCfg = Release|Any CPU
		{595C834E-3D52-4AEE-9F52-AA5E2D1ECFE6}.Release|Any CPU.Build.0 = Release|Any CPU
		{7FB3C630-131A-4AD5-BE2F-8B537C569D99}.Debug|Any CPU.ActiveCfg = Debug|Any CPU
		{7FB3C630-131A-4AD5-BE2F-8B537C569D99}.Debug|Any CPU.Build.0 = Debug|Any CPU
		{7FB3C630-131A-4AD5-BE2F-8B537C569D99}.Release|Any CPU.ActiveCfg = Release|Any CPU
		{7FB3C630-131A-4AD5-BE2F-8B537C569D99}.Release|Any CPU.Build.0 = Release|Any CPU
	EndGlobalSection
	GlobalSection(SolutionProperties) = preSolution
		HideSolutionNode = FALSE
	EndGlobalSection
	GlobalSection(ExtensibilityGlobals) = postSolution
		SolutionGuid = {ABE344EE-4621-4A61-B204-CA62DDB223C9}
	EndGlobalSection
EndGlobal
